
Microsoft Visual Studio Solution File, Format Version 12.00
# Visual Studio Version 16
VisualStudioVersion = 16.0.30503.244
MinimumVisualStudioVersion = 10.0.40219.1
Project("{FAE04EC0-301F-11D3-BF4B-00C04F79EFBC}") = "MyWebsite", "MyWebsite\MyWebsite.csproj", "{F7300EF5-C179-457B-8BF9-83F41BAD3A2E}"
EndProject
Global
	GlobalSection(SolutionConfigurationPlatforms) = preSolution
		Debug|Any CPU = Debug|Any CPU
		Release|Any CPU = Release|Any CPU
	EndGlobalSection
	GlobalSection(ProjectConfigurationPlatforms) = postSolution
		{F7300EF5-C179-457B-8BF9-83F41BAD3A2E}.Debug|Any CPU.ActiveCfg = Debug|Any CPU
		{F7300EF5-C179-457B-8BF9-83F41BAD3A2E}.Debug|Any CPU.Build.0 = Debug|Any CPU
		{F7300EF5-C179-457B-8BF9-83F41BAD3A2E}.Release|Any CPU.ActiveCfg = Release|Any CPU
		{F7300EF5-C179-457B-8BF9-83F41BAD3A2E}.Release|Any CPU.Build.0 = Release|Any CPU
	EndGlobalSection
	GlobalSection(SolutionProperties) = preSolution
		HideSolutionNode = FALSE
	EndGlobalSection
	GlobalSection(ExtensibilityGlobals) = postSolution
		SolutionGuid = {5AE7020C-E196-4820-9959-CAE827F74706}
	EndGlobalSection
EndGlobal
